
Microsoft Visual Studio Solution File, Format Version 12.00
# Visual Studio Version 16
VisualStudioVersion = 16.0.32126.315
MinimumVisualStudioVersion = 10.0.40219.1
Project("{8BC9CEB8-8B4A-11D0-8D11-00A0C91BC942}") = "HashCalculation_Library", "HashCalculation_Library.vcxproj", "{DB90CC04-4F3E-49F0-8C29-6086D636E537}"
EndProject
Project("{8BC9CEB8-8B4A-11D0-8D11-00A0C91BC942}") = "SampleApp_TestStrings", "SampleApp_TestStrings\SampleApp_TestStrings.vcxproj", "{B18EF5F0-43BA-4A03-AF76-9964CA17D08B}"
EndProject
Global
	GlobalSection(SolutionConfigurationPlatforms) = preSolution
		Debug|x64 = Debug|x64
		Debug|x86 = Debug|x86
		Release|x64 = Release|x64
		Release|x86 = Release|x86
	EndGlobalSection
	GlobalSection(ProjectConfigurationPlatforms) = postSolution
		{DB90CC04-4F3E-49F0-8C29-6086D636E537}.Debug|x64.ActiveCfg = Debug|x64
		{DB90CC04-4F3E-49F0-8C29-6086D636E537}.Debug|x64.Build.0 = Debug|x64
		{DB90CC04-4F3E-49F0-8C29-6086D636E537}.Debug|x86.ActiveCfg = Debug|Win32
		{DB90CC04-4F3E-49F0-8C29-6086D636E537}.Debug|x86.Build.0 = Debug|Win32
		{DB90CC04-4F3E-49F0-8C29-6086D636E537}.Release|x64.ActiveCfg = Release|x64
		{DB90CC04-4F3E-49F0-8C29-6086D636E537}.Release|x64.Build.0 = Release|x64
		{DB90CC04-4F3E-49F0-8C29-6086D636E537}.Release|x86.ActiveCfg = Release|Win32
		{DB90CC04-4F3E-49F0-8C29-6086D636E537}.Release|x86.Build.0 = Release|Win32
		{B18EF5F0-43BA-4A03-AF76-9964CA17D08B}.Debug|x64.ActiveCfg = Debug|x64
		{B18EF5F0-43BA-4A03-AF76-9964CA17D08B}.Debug|x64.Build.0 = Debug|x64
		{B18EF5F0-43BA-4A03-AF76-9964CA17D08B}.Debug|x86.ActiveCfg = Debug|Win32
		{B18EF5F0-43BA-4A03-AF76-9964CA17D08B}.Debug|x86.Build.0 = Debug|Win32
		{B18EF5F0-43BA-4A03-AF76-9964CA17D08B}.Release|x64.ActiveCfg = Release|x64
		{B18EF5F0-43BA-4A03-AF76-9964CA17D08B}.Release|x64.Build.0 = Release|x64
		{B18EF5F0-43BA-4A03-AF76-9964CA17D08B}.Release|x86.ActiveCfg = Release|Win32
		{B18EF5F0-43BA-4A03-AF76-9964CA17D08B}.Release|x86.Build.0 = Release|Win32
	EndGlobalSection
	GlobalSection(SolutionProperties) = preSolution
		HideSolutionNode = FALSE
	EndGlobalSection
	GlobalSection(ExtensibilityGlobals) = postSolution
		SolutionGuid = {86981D96-A589-4666-AB44-217447EE34A7}
	EndGlobalSection
EndGlobal
